// !$*UTF8*$!
{
	archiveVersion = 1;
	classes = {
	};
	objectVersion = 50;
	objects = {

/* Begin PBXBuildFile section */
		DD1F659923364E2700AB12D0 /* AppDelegate.swift in Sources */ = {isa = PBXBuildFile; fileRef = DD1F659823364E2700AB12D0 /* AppDelegate.swift */; };
		DD1F659B23364E2700AB12D0 /* SceneDelegate.swift in Sources */ = {isa = PBXBuildFile; fileRef = DD1F659A23364E2700AB12D0 /* SceneDelegate.swift */; };
		DD1F659D23364E2700AB12D0 /* ViewController.swift in Sources */ = {isa = PBXBuildFile; fileRef = DD1F659C23364E2700AB12D0 /* ViewController.swift */; };
		DD1F65A023364E2700AB12D0 /* Main.storyboard in Resources */ = {isa = PBXBuildFile; fileRef = DD1F659E23364E2700AB12D0 /* Main.storyboard */; };
		DD1F65A223364E2D00AB12D0 /* Assets.xcassets in Resources */ = {isa = PBXBuildFile; fileRef = DD1F65A123364E2D00AB12D0 /* Assets.xcassets */; };
		DD1F65A523364E2D00AB12D0 /* LaunchScreen.storyboard in Resources */ = {isa = PBXBuildFile; fileRef = DD1F65A323364E2D00AB12D0 /* LaunchScreen.storyboard */; };
/* End PBXBuildFile section */

/* Begin PBXFileReference section */
		DD1F659523364E2700AB12D0 /* WeatheringWithYou.app */ = {isa = PBXFileReference; explicitFileType = wrapper.application; includeInIndex = 0; path = WeatheringWithYou.app; sourceTree = BUILT_PRODUCTS_DIR; };
		DD1F659823364E2700AB12D0 /* AppDelegate.swift */ = {isa = PBXFileReference; lastKnownFileType = sourcecode.swift; path = AppDelegate.swift; sourceTree = "<group>"; };
		DD1F659A23364E2700AB12D0 /* SceneDelegate.swift */ = {isa = PBXFileReference; lastKnownFileType = sourcecode.swift; path = SceneDelegate.swift; sourceTree = "<group>"; };
		DD1F659C23364E2700AB12D0 /* ViewController.swift */ = {isa = PBXFileReference; lastKnownFileType = sourcecode.swift; path = ViewController.swift; sourceTree = "<group>"; };
		DD1F659F23364E2700AB12D0 /* Base */ = {isa = PBXFileReference; lastKnownFileType = file.storyboard; name = Base; path = Base.lproj/Main.storyboard; sourceTree = "<group>"; };
		DD1F65A123364E2D00AB12D0 /* Assets.xcassets */ = {isa = PBXFileReference; lastKnownFileType = folder.assetcatalog; path = Assets.xcassets; sourceTree = "<group>"; };
		DD1F65A423364E2D00AB12D0 /* Base */ = {isa = PBXFileReference; lastKnownFileType = file.storyboard; name = Base; path = Base.lproj/LaunchScreen.storyboard; sourceTree = "<group>"; };
		DD1F65A623364E2D00AB12D0 /* Info.plist */ = {isa = PBXFileReference; lastKnownFileType = text.plist.xml; path = Info.plist; sourceTree = "<group>"; };
/* End PBXFileReference section */

/* Begin PBXFrameworksBuildPhase section */
		DD1F659223364E2700AB12D0 /* Frameworks */ = {
			isa = PBXFrameworksBuildPhase;
			buildActionMask = 2147483647;
			files = (
			);
			runOnlyForDeploymentPostprocessing = 0;
		};
/* End PBXFrameworksBuildPhase section */

/* Begin PBXGroup section */
		DD1F658C23364E2700AB12D0 = {
			isa = PBXGroup;
			children = (
				DD1F659723364E2700AB12D0 /* WeatheringWithYou */,
				DD1F659623364E2700AB12D0 /* Products */,
			);
			sourceTree = "<group>";
		};
		DD1F659623364E2700AB12D0 /* Products */ = {
			isa = PBXGroup;
			children = (
				DD1F659523364E2700AB12D0 /* WeatheringWithYou.app */,
			);
			name = Products;
			sourceTree = "<group>";
		};
		DD1F659723364E2700AB12D0 /* WeatheringWithYou */ = {
			isa = PBXGroup;
			children = (
				DD1F659823364E2700AB12D0 /* AppDelegate.swift */,
				DD1F659A23364E2700AB12D0 /* SceneDelegate.swift */,
				DD1F659C23364E2700AB12D0 /* ViewController.swift */,
				DD1F659E23364E2700AB12D0 /* Main.storyboard */,
				DD1F65A123364E2D00AB12D0 /* Assets.xcassets */,
				DD1F65A323364E2D00AB12D0 /* LaunchScreen.storyboard */,
				DD1F65A623364E2D00AB12D0 /* Info.plist */,
			);
			path = WeatheringWithYou;
			sourceTree = "<group>";
		};
/* End PBXGroup section */

/* Begin PBXNativeTarget section */
		DD1F659423364E2700AB12D0 /* WeatheringWithYou */ = {
			isa = PBXNativeTarget;
			buildConfigurationList = DD1F65A923364E2D00AB12D0 /* Build configuration list for PBXNativeTarget "WeatheringWithYou" */;
			buildPhases = (
				DD1F659123364E2700AB12D0 /* Sources */,
				DD1F659223364E2700AB12D0 /* Frameworks */,
				DD1F659323364E2700AB12D0 /* Resources */,
			);
			buildRules = (
			);
			dependencies = (
			);
			name = WeatheringWithYou;
			productName = WeatheringWithYou;
			productReference = DD1F659523364E2700AB12D0 /* WeatheringWithYou.app */;
			productType = "com.apple.product-type.application";
		};
/* End PBXNativeTarget section */

/* Begin PBXProject section */
		DD1F658D23364E2700AB12D0 /* Project object */ = {
			isa = PBXProject;
			attributes = {
				LastSwiftUpdateCheck = 1100;
				LastUpgradeCheck = 1100;
				ORGANIZATIONNAME = "Chang Sophia";
				TargetAttributes = {
					DD1F659423364E2700AB12D0 = {
						CreatedOnToolsVersion = 11.0;
					};
				};
			};
			buildConfigurationList = DD1F659023364E2700AB12D0 /* Build configuration list for PBXProject "WeatheringWithYou" */;
			compatibilityVersion = "Xcode 9.3";
			developmentRegion = en;
			hasScannedForEncodings = 0;
			knownRegions = (
				en,
				Base,
			);
			mainGroup = DD1F658C23364E2700AB12D0;
			productRefGroup = DD1F659623364E2700AB12D0 /* Products */;
			projectDirPath = "";
			projectRoot = "";
			targets = (
				DD1F659423364E2700AB12D0 /* WeatheringWithYou */,
			);
		};
/* End PBXProject section */

/* Begin PBXResourcesBuildPhase section */
		DD1F659323364E2700AB12D0 /* Resources */ = {
			isa = PBXResourcesBuildPhase;
			buildActionMask = 2147483647;
			files = (
				DD1F65A523364E2D00AB12D0 /* LaunchScreen.storyboard in Resources */,
				DD1F65A223364E2D00AB12D0 /* Assets.xcassets in Resources */,
				DD1F65A023364E2700AB12D0 /* Main.storyboard in Resources */,
			);
			runOnlyForDeploymentPostprocessing = 0;
		};
/* End PBXResourcesBuildPhase section */

/* Begin PBXSourcesBuildPhase section */
		DD1F659123364E2700AB12D0 /* Sources */ = {
			isa = PBXSourcesBuildPhase;
			buildActionMask = 2147483647;
			files = (
				DD1F659D23364E2700AB12D0 /* ViewController.swift in Sources */,
				DD1F659923364E2700AB12D0 /* AppDelegate.swift in Sources */,
				DD1F659B23364E2700AB12D0 /* SceneDelegate.swift in Sources */,
			);
			runOnlyForDeploymentPostprocessing = 0;
		};
/* End PBXSourcesBuildPhase section */

/* Begin PBXVariantGroup section */
		DD1F659E23364E2700AB12D0 /* Main.storyboard */ = {
			isa = PBXVariantGroup;
			children = (
				DD1F659F23364E2700AB12D0 /* Base */,
			);
			name = Main.storyboard;
			sourceTree = "<group>";
		};
		DD1F65A323364E2D00AB12D0 /* LaunchScreen.storyboard */ = {
			isa = PBXVariantGroup;
			children = (
				DD1F65A423364E2D00AB12D0 /* Base */,
			);
			name = LaunchScreen.storyboard;
			sourceTree = "<group>";
		};
/* End PBXVariantGroup section */

/* Begin XCBuildConfiguration section */
		DD1F65A723364E2D00AB12D0 /* Debug */ = {
			isa = XCBuildConfiguration;
			buildSettings = {
				ALWAYS_SEARCH_USER_PATHS = NO;
				CLANG_ANALYZER_NONNULL = YES;
				CLANG_ANALYZER_NUMBER_OBJECT_CONVERSION = YES_AGGRESSIVE;
				CLANG_CXX_LANGUAGE_STANDARD = "gnu++14";
				CLANG_CXX_LIBRARY = "libc++";
				CLANG_ENABLE_MODULES = YES;
				CLANG_ENABLE_OBJC_ARC = YES;
				CLANG_ENABLE_OBJC_WEAK = YES;
				CLANG_WARN_BLOCK_CAPTURE_AUTORELEASING = YES;
				CLANG_WARN_BOOL_CONVERSION = YES;
				CLANG_WARN_COMMA = YES;
				CLANG_WARN_CONSTANT_CONVERSION = YES;
				CLANG_WARN_DEPRECATED_OBJC_IMPLEMENTATIONS = YES;
				CLANG_WARN_DIRECT_OBJC_ISA_USAGE = YES_ERROR;
				CLANG_WARN_DOCUMENTATION_COMMENTS = YES;
				CLANG_WARN_EMPTY_BODY = YES;
				CLANG_WARN_ENUM_CONVERSION = YES;
				CLANG_WARN_INFINITE_RECURSION = YES;
				CLANG_WARN_INT_CONVERSION = YES;
				CLANG_WARN_NON_LITERAL_NULL_CONVERSION = YES;
				CLANG_WARN_OBJC_IMPLICIT_RETAIN_SELF = YES;
				CLANG_WARN_OBJC_LITERAL_CONVERSION = YES;
				CLANG_WARN_OBJC_ROOT_CLASS = YES_ERROR;
				CLANG_WARN_RANGE_LOOP_ANALYSIS = YES;
				CLANG_WARN_STRICT_PROTOTYPES = YES;
				CLANG_WARN_SUSPICIOUS_MOVE = YES;
				CLANG_WARN_UNGUARDED_AVAILABILITY = YES_AGGRESSIVE;
				CLANG_WARN_UNREACHABLE_CODE = YES;
				CLANG_WARN__DUPLICATE_METHOD_MATCH = YES;
				COPY_PHASE_STRIP = NO;
				DEBUG_INFORMATION_FORMAT = dwarf;
				ENABLE_STRICT_OBJC_MSGSEND = YES;
				ENABLE_TESTABILITY = YES;
				GCC_C_LANGUAGE_STANDARD = gnu11;
				GCC_DYNAMIC_NO_PIC = NO;
				GCC_NO_COMMON_BLOCKS = YES;
				GCC_OPTIMIZATION_LEVEL = 0;
				GCC_PREPROCESSOR_DEFINITIONS = (
					"DEBUG=1",
					"$(inherited)",
				);
				GCC_WARN_64_TO_32_BIT_CONVERSION = YES;
				GCC_WARN_ABOUT_RETURN_TYPE = YES_ERROR;
				GCC_WARN_UNDECLARED_SELECTOR = YES;
				GCC_WARN_UNINITIALIZED_AUTOS = YES_AGGRESSIVE;
				GCC_WARN_UNUSED_FUNCTION = YES;
				GCC_WARN_UNUSED_VARIABLE = YES;
				IPHONEOS_DEPLOYMENT_TARGET = 13.0;
				MTL_ENABLE_DEBUG_INFO = INCLUDE_SOURCE;
				MTL_FAST_MATH = YES;
				ONLY_ACTIVE_ARCH = YES;
				SDKROOT = iphoneos;
				SWIFT_ACTIVE_COMPILATION_CONDITIONS = DEBUG;
				SWIFT_OPTIMIZATION_LEVEL = "-Onone";
			};
			name = Debug;
		};
		DD1F65A823364E2D00AB12D0 /* Release */ = {
			isa = XCBuildConfiguration;
			buildSettings = {
				ALWAYS_SEARCH_USER_PATHS = NO;
				CLANG_ANALYZER_NONNULL = YES;
				CLANG_ANALYZER_NUMBER_OBJECT_CONVERSION = YES_AGGRESSIVE;
				CLANG_CXX_LANGUAGE_STANDARD = "gnu++14";
				CLANG_CXX_LIBRARY = "libc++";
				CLANG_ENABLE_MODULES = YES;
				CLANG_ENABLE_OBJC_ARC = YES;
				CLANG_ENABLE_OBJC_WEAK = YES;
				CLANG_WARN_BLOCK_CAPTURE_AUTORELEASING = YES;
				CLANG_WARN_BOOL_CONVERSION = YES;
				CLANG_WARN_COMMA = YES;
				CLANG_WARN_CONSTANT_CONVERSION = YES;
				CLANG_WARN_DEPRECATED_OBJC_IMPLEMENTATIONS = YES;
				CLANG_WARN_DIRECT_OBJC_ISA_USAGE = YES_ERROR;
				CLANG_WARN_DOCUMENTATION_COMMENTS = YES;
				CLANG_WARN_EMPTY_BODY = YES;
				CLANG_WARN_ENUM_CONVERSION = YES;
				CLANG_WARN_INFINITE_RECURSION = YES;
				CLANG_WARN_INT_CONVERSION = YES;
				CLANG_WARN_NON_LITERAL_NULL_CONVERSION = YES;
				CLANG_WARN_OBJC_IMPLICIT_RETAIN_SELF = YES;
				CLANG_WARN_OBJC_LITERAL_CONVERSION = YES;
				CLANG_WARN_OBJC_ROOT_CLASS = YES_ERROR;
				CLANG_WARN_RANGE_LOOP_ANALYSIS = YES;
				CLANG_WARN_STRICT_PROTOTYPES = YES;
				CLANG_WARN_SUSPICIOUS_MOVE = YES;
				CLANG_WARN_UNGUARDED_AVAILABILITY = YES_AGGRESSIVE;
				CLANG_WARN_UNREACHABLE_CODE = YES;
				CLANG_WARN__DUPLICATE_METHOD_MATCH = YES;
				COPY_PHASE_STRIP = NO;
				DEBUG_INFORMATION_FORMAT = "dwarf-with-dsym";
				ENABLE_NS_ASSERTIONS = NO;
				ENABLE_STRICT_OBJC_MSGSEND = YES;
				GCC_C_LANGUAGE_STANDARD = gnu11;
				GCC_NO_COMMON_BLOCKS = YES;
				GCC_WARN_64_TO_32_BIT_CONVERSION = YES;
				GCC_WARN_ABOUT_RETURN_TYPE = YES_ERROR;
				GCC_WARN_UNDECLARED_SELECTOR = YES;
				GCC_WARN_UNINITIALIZED_AUTOS = YES_AGGRESSIVE;
				GCC_WARN_UNUSED_FUNCTION = YES;
				GCC_WARN_UNUSED_VARIABLE = YES;
				IPHONEOS_DEPLOYMENT_TARGET = 13.0;
				MTL_ENABLE_DEBUG_INFO = NO;
				MTL_FAST_MATH = YES;
				SDKROOT = iphoneos;
				SWIFT_COMPILATION_MODE = wholemodule;
				SWIFT_OPTIMIZATION_LEVEL = "-O";
				VALIDATE_PRODUCT = YES;
			};
			name = Release;
		};
		DD1F65AA23364E2D00AB12D0 /* Debug */ = {
			isa = XCBuildConfiguration;
			buildSettings = {
				ASSETCATALOG_COMPILER_APPICON_NAME = AppIcon;
				CODE_SIGN_STYLE = Automatic;
				DEVELOPMENT_TEAM = 3M66U64HQ4;
				INFOPLIST_FILE = WeatheringWithYou/Info.plist;
				LD_RUNPATH_SEARCH_PATHS = (
					"$(inherited)",
					"@executable_path/Frameworks",
				);
				PRODUCT_BUNDLE_IDENTIFIER = com.gmb728.WeatheringWithYou;
				PRODUCT_NAME = "$(TARGET_NAME)";
				SWIFT_VERSION = 5.0;
				TARGETED_DEVICE_FAMILY = "1,2";
			};
			name = Debug;
		};
		DD1F65AB23364E2D00AB12D0 /* Release */ = {
			isa = XCBuildConfiguration;
			buildSettings = {
				ASSETCATALOG_COMPILER_APPICON_NAME = AppIcon;
				CODE_SIGN_STYLE = Automatic;
				DEVELOPMENT_TEAM = 3M66U64HQ4;
				INFOPLIST_FILE = WeatheringWithYou/Info.plist;
				LD_RUNPATH_SEARCH_PATHS = (
					"$(inherited)",
					"@executable_path/Frameworks",
				);
				PRODUCT_BUNDLE_IDENTIFIER = com.gmb728.WeatheringWithYou;
				PRODUCT_NAME = "$(TARGET_NAME)";
				SWIFT_VERSION = 5.0;
				TARGETED_DEVICE_FAMILY = "1,2";
			};
			name = Release;
		};
/* End XCBuildConfiguration section */

/* Begin XCConfigurationList section */
		DD1F659023364E2700AB12D0 /* Build configuration list for PBXProject "WeatheringWithYou" */ = {
			isa = XCConfigurationList;
			buildConfigurations = (
				DD1F65A723364E2D00AB12D0 /* Debug */,
				DD1F65A823364E2D00AB12D0 /* Release */,
			);
			defaultConfigurationIsVisible = 0;
			defaultConfigurationName = Release;
		};
		DD1F65A923364E2D00AB12D0 /* Build configuration list for PBXNativeTarget "WeatheringWithYou" */ = {
			isa = XCConfigurationList;
			buildConfigurations = (
				DD1F65AA23364E2D00AB12D0 /* Debug */,
				DD1F65AB23364E2D00AB12D0 /* Release */,
			);
			defaultConfigurationIsVisible = 0;
			defaultConfigurationName = Release;
		};
/* End XCConfigurationList section */
	};
	rootObject = DD1F658D23364E2700AB12D0 /* Project object */;
}
